
Microsoft Visual Studio Solution File, Format Version 12.00
# Visual Studio 2013
VisualStudioVersion = 12.0.31101.0
MinimumVisualStudioVersion = 10.0.40219.1
Project("{FAE04EC0-301F-11D3-BF4B-00C04F79EFBC}") = "desktopapp", "desktopapp\desktopapp.csproj", "{502C6E23-9945-4F0D-BDF8-BF2D744D2480}"
EndProject
Project("{FAE04EC0-301F-11D3-BF4B-00C04F79EFBC}") = "Finah", "Finah\Finah.csproj", "{99FF67C8-88BF-4CA7-934B-D9BFEFCEA3C4}"
EndProject
Project("{FAE04EC0-301F-11D3-BF4B-00C04F79EFBC}") = "Webservice_Finah", "Webservice_Finah\Webservice_Finah.csproj", "{1D3E9C70-12C8-4B0D-9819-27052E66A305}"
EndProject
Global
	GlobalSection(SolutionConfigurationPlatforms) = preSolution
		Debug|Any CPU = Debug|Any CPU
		Release|Any CPU = Release|Any CPU
	EndGlobalSection
	GlobalSection(ProjectConfigurationPlatforms) = postSolution
		{502C6E23-9945-4F0D-BDF8-BF2D744D2480}.Debug|Any CPU.ActiveCfg = Debug|Any CPU
		{502C6E23-9945-4F0D-BDF8-BF2D744D2480}.Debug|Any CPU.Build.0 = Debug|Any CPU
		{502C6E23-9945-4F0D-BDF8-BF2D744D2480}.Release|Any CPU.ActiveCfg = Release|Any CPU
		{502C6E23-9945-4F0D-BDF8-BF2D744D2480}.Release|Any CPU.Build.0 = Release|Any CPU
		{99FF67C8-88BF-4CA7-934B-D9BFEFCEA3C4}.Debug|Any CPU.ActiveCfg = Debug|Any CPU
		{99FF67C8-88BF-4CA7-934B-D9BFEFCEA3C4}.Debug|Any CPU.Build.0 = Debug|Any CPU
		{99FF67C8-88BF-4CA7-934B-D9BFEFCEA3C4}.Release|Any CPU.ActiveCfg = Release|Any CPU
		{99FF67C8-88BF-4CA7-934B-D9BFEFCEA3C4}.Release|Any CPU.Build.0 = Release|Any CPU
		{1D3E9C70-12C8-4B0D-9819-27052E66A305}.Debug|Any CPU.ActiveCfg = Debug|Any CPU
		{1D3E9C70-12C8-4B0D-9819-27052E66A305}.Debug|Any CPU.Build.0 = Debug|Any CPU
		{1D3E9C70-12C8-4B0D-9819-27052E66A305}.Release|Any CPU.ActiveCfg = Release|Any CPU
		{1D3E9C70-12C8-4B0D-9819-27052E66A305}.Release|Any CPU.Build.0 = Release|Any CPU
	EndGlobalSection
	GlobalSection(SolutionProperties) = preSolution
		HideSolutionNode = FALSE
	EndGlobalSection
EndGlobal
